
Microsoft Visual Studio Solution File, Format Version 12.00
# Visual Studio Version 17
VisualStudioVersion = 17.2.32519.379
MinimumVisualStudioVersion = 10.0.40219.1
Project("{FAE04EC0-301F-11D3-BF4B-00C04F79EFBC}") = "MvcNews", "MvcNews\MvcNews.csproj", "{2A0BAD67-CC00-4BC4-BC2A-03C0254DAD5F}"
EndProject
Global
	GlobalSection(SolutionConfigurationPlatforms) = preSolution
		Debug|Any CPU = Debug|Any CPU
		Release|Any CPU = Release|Any CPU
	EndGlobalSection
	GlobalSection(ProjectConfigurationPlatforms) = postSolution
		{2A0BAD67-CC00-4BC4-BC2A-03C0254DAD5F}.Debug|Any CPU.ActiveCfg = Debug|Any CPU
		{2A0BAD67-CC00-4BC4-BC2A-03C0254DAD5F}.Debug|Any CPU.Build.0 = Debug|Any CPU
		{2A0BAD67-CC00-4BC4-BC2A-03C0254DAD5F}.Release|Any CPU.ActiveCfg = Release|Any CPU
		{2A0BAD67-CC00-4BC4-BC2A-03C0254DAD5F}.Release|Any CPU.Build.0 = Release|Any CPU
	EndGlobalSection
	GlobalSection(SolutionProperties) = preSolution
		HideSolutionNode = FALSE
	EndGlobalSection
	GlobalSection(ExtensibilityGlobals) = postSolution
		SolutionGuid = {5AA12178-7683-480C-A127-D6A9A9587C5D}
	EndGlobalSection
EndGlobal
