
Microsoft Visual Studio Solution File, Format Version 12.00
# Visual Studio Version 17
VisualStudioVersion = 17.2.32519.379
MinimumVisualStudioVersion = 10.0.40219.1
Project("{FAE04EC0-301F-11D3-BF4B-00C04F79EFBC}") = "CompanyApi", "CompanyApi\CompanyApi.csproj", "{B29D9AD7-20B2-427A-AAD0-5B4C4A7CD6FC}"
EndProject
Global
	GlobalSection(SolutionConfigurationPlatforms) = preSolution
		Debug|Any CPU = Debug|Any CPU
		Release|Any CPU = Release|Any CPU
	EndGlobalSection
	GlobalSection(ProjectConfigurationPlatforms) = postSolution
		{B29D9AD7-20B2-427A-AAD0-5B4C4A7CD6FC}.Debug|Any CPU.ActiveCfg = Debug|Any CPU
		{B29D9AD7-20B2-427A-AAD0-5B4C4A7CD6FC}.Debug|Any CPU.Build.0 = Debug|Any CPU
		{B29D9AD7-20B2-427A-AAD0-5B4C4A7CD6FC}.Release|Any CPU.ActiveCfg = Release|Any CPU
		{B29D9AD7-20B2-427A-AAD0-5B4C4A7CD6FC}.Release|Any CPU.Build.0 = Release|Any CPU
	EndGlobalSection
	GlobalSection(SolutionProperties) = preSolution
		HideSolutionNode = FALSE
	EndGlobalSection
	GlobalSection(ExtensibilityGlobals) = postSolution
		SolutionGuid = {048D6E68-EC9B-462A-A6FD-2AEC2ACB842E}
	EndGlobalSection
EndGlobal
